
Microsoft Visual Studio Solution File, Format Version 12.00
# Visual Studio Version 17
VisualStudioVersion = 17.8.34408.163
MinimumVisualStudioVersion = 10.0.40219.1
Project("{9A19103F-16F7-4668-BE54-9A1E7A4F7556}") = "lab3", "lab3\lab3.csproj", "{F553AF62-4E63-4B11-BC70-9947450CFACB}"
EndProject
Project("{9A19103F-16F7-4668-BE54-9A1E7A4F7556}") = "RPNEntities", "RPNEntities\RPNEntities.csproj", "{F945D76A-F8D0-4351-99B0-B78D65993593}"
EndProject
Project("{9A19103F-16F7-4668-BE54-9A1E7A4F7556}") = "part4", "part4\part4.csproj", "{60CDD42B-DA54-4BFF-99C5-68EAD8F077BE}"
EndProject
Project("{2150E333-8FDC-42A3-9474-1A3956D46DE8}") = "Элементы решения", "Элементы решения", "{F8A5C810-5836-49CD-9EEC-1D961A8C27EC}"
EndProject
Project("{9A19103F-16F7-4668-BE54-9A1E7A4F7556}") = "Logger", "Logger\Logger.csproj", "{0719F577-2E07-4450-9195-80EF2DF4C2B5}"
EndProject
Project("{9A19103F-16F7-4668-BE54-9A1E7A4F7556}") = "LinkedListDynamicStructures", "LinkedListDynamicStructures\LinkedListDynamicStructures.csproj", "{48EDF4FB-672A-4C7C-A428-2641A561BCDA}"
EndProject
Project("{9A19103F-16F7-4668-BE54-9A1E7A4F7556}") = "ListDynamicStructures", "ListDynamicStructures\ListDynamicStructures.csproj", "{C8F136A3-142A-4AFA-9E3E-E2B820AD370C}"
EndProject
Project("{9A19103F-16F7-4668-BE54-9A1E7A4F7556}") = "QueueHandlers", "QueueHandlers\QueueHandlers.csproj", "{C070ADFB-F00D-49E8-B920-7745519681C8}"
EndProject
Project("{9A19103F-16F7-4668-BE54-9A1E7A4F7556}") = "StackHandlers", "StackHandkers\StackHandlers.csproj", "{686CCAF6-A91D-478B-8BD4-EBE9B889E9EA}"
EndProject
Project("{9A19103F-16F7-4668-BE54-9A1E7A4F7556}") = "OrganizationApp", "Block3\OrganizationApp.csproj", "{5272C6ED-6181-4DF2-8EF7-D5F62265BFA1}"
EndProject
Project("{FAE04EC0-301F-11D3-BF4B-00C04F79EFBC}") = "GraphX.WPF.Controls", "..\GraphX-PCL\GraphX.Controls\GraphX.WPF.Controls.csproj", "{D2E33FEE-6689-4BB4-A95C-1B5C327A1E8F}"
EndProject
Project("{9A19103F-16F7-4668-BE54-9A1E7A4F7556}") = "TextProcessorApp", "TextProcessorApp\TextProcessorApp.csproj", "{A540DD0C-2D9D-492D-A666-BB0DCDA0568D}"
EndProject
Project("{9A19103F-16F7-4668-BE54-9A1E7A4F7556}") = "Сontacts", "Сontacts\Сontacts.csproj", "{54177EE2-3905-437F-B3B2-6DC406906C97}"
EndProject
Project("{FAE04EC0-301F-11D3-BF4B-00C04F79EFBC}") = "BankQueueSystem", "BankQueueSystem\BankQueueSystem.csproj", "{5EBD586B-C14B-49D1-8DD5-79C604BC631D}"
EndProject
Global
	GlobalSection(SolutionConfigurationPlatforms) = preSolution
		Debug|Any CPU = Debug|Any CPU
		Debug|x86 = Debug|x86
		Release|Any CPU = Release|Any CPU
		Release|x86 = Release|x86
	EndGlobalSection
	GlobalSection(ProjectConfigurationPlatforms) = postSolution
		{F553AF62-4E63-4B11-BC70-9947450CFACB}.Debug|Any CPU.ActiveCfg = Debug|Any CPU
		{F553AF62-4E63-4B11-BC70-9947450CFACB}.Debug|Any CPU.Build.0 = Debug|Any CPU
		{F553AF62-4E63-4B11-BC70-9947450CFACB}.Debug|x86.ActiveCfg = Debug|Any CPU
		{F553AF62-4E63-4B11-BC70-9947450CFACB}.Debug|x86.Build.0 = Debug|Any CPU
		{F553AF62-4E63-4B11-BC70-9947450CFACB}.Release|Any CPU.ActiveCfg = Release|Any CPU
		{F553AF62-4E63-4B11-BC70-9947450CFACB}.Release|Any CPU.Build.0 = Release|Any CPU
		{F553AF62-4E63-4B11-BC70-9947450CFACB}.Release|x86.ActiveCfg = Release|Any CPU
		{F553AF62-4E63-4B11-BC70-9947450CFACB}.Release|x86.Build.0 = Release|Any CPU
		{F945D76A-F8D0-4351-99B0-B78D65993593}.Debug|Any CPU.ActiveCfg = Debug|Any CPU
		{F945D76A-F8D0-4351-99B0-B78D65993593}.Debug|Any CPU.Build.0 = Debug|Any CPU
		{F945D76A-F8D0-4351-99B0-B78D65993593}.Debug|x86.ActiveCfg = Debug|Any CPU
		{F945D76A-F8D0-4351-99B0-B78D65993593}.Debug|x86.Build.0 = Debug|Any CPU
		{F945D76A-F8D0-4351-99B0-B78D65993593}.Release|Any CPU.ActiveCfg = Release|Any CPU
		{F945D76A-F8D0-4351-99B0-B78D65993593}.Release|Any CPU.Build.0 = Release|Any CPU
		{F945D76A-F8D0-4351-99B0-B78D65993593}.Release|x86.ActiveCfg = Release|Any CPU
		{F945D76A-F8D0-4351-99B0-B78D65993593}.Release|x86.Build.0 = Release|Any CPU
		{60CDD42B-DA54-4BFF-99C5-68EAD8F077BE}.Debug|Any CPU.ActiveCfg = Debug|Any CPU
		{60CDD42B-DA54-4BFF-99C5-68EAD8F077BE}.Debug|Any CPU.Build.0 = Debug|Any CPU
		{60CDD42B-DA54-4BFF-99C5-68EAD8F077BE}.Debug|x86.ActiveCfg = Debug|Any CPU
		{60CDD42B-DA54-4BFF-99C5-68EAD8F077BE}.Debug|x86.Build.0 = Debug|Any CPU
		{60CDD42B-DA54-4BFF-99C5-68EAD8F077BE}.Release|Any CPU.ActiveCfg = Release|Any CPU
		{60CDD42B-DA54-4BFF-99C5-68EAD8F077BE}.Release|Any CPU.Build.0 = Release|Any CPU
		{60CDD42B-DA54-4BFF-99C5-68EAD8F077BE}.Release|x86.ActiveCfg = Release|Any CPU
		{60CDD42B-DA54-4BFF-99C5-68EAD8F077BE}.Release|x86.Build.0 = Release|Any CPU
		{0719F577-2E07-4450-9195-80EF2DF4C2B5}.Debug|Any CPU.ActiveCfg = Debug|Any CPU
		{0719F577-2E07-4450-9195-80EF2DF4C2B5}.Debug|Any CPU.Build.0 = Debug|Any CPU
		{0719F577-2E07-4450-9195-80EF2DF4C2B5}.Debug|x86.ActiveCfg = Debug|Any CPU
		{0719F577-2E07-4450-9195-80EF2DF4C2B5}.Debug|x86.Build.0 = Debug|Any CPU
		{0719F577-2E07-4450-9195-80EF2DF4C2B5}.Release|Any CPU.ActiveCfg = Release|Any CPU
		{0719F577-2E07-4450-9195-80EF2DF4C2B5}.Release|Any CPU.Build.0 = Release|Any CPU
		{0719F577-2E07-4450-9195-80EF2DF4C2B5}.Release|x86.ActiveCfg = Release|Any CPU
		{0719F577-2E07-4450-9195-80EF2DF4C2B5}.Release|x86.Build.0 = Release|Any CPU
		{48EDF4FB-672A-4C7C-A428-2641A561BCDA}.Debug|Any CPU.ActiveCfg = Debug|Any CPU
		{48EDF4FB-672A-4C7C-A428-2641A561BCDA}.Debug|Any CPU.Build.0 = Debug|Any CPU
		{48EDF4FB-672A-4C7C-A428-2641A561BCDA}.Debug|x86.ActiveCfg = Debug|Any CPU
		{48EDF4FB-672A-4C7C-A428-2641A561BCDA}.Debug|x86.Build.0 = Debug|Any CPU
		{48EDF4FB-672A-4C7C-A428-2641A561BCDA}.Release|Any CPU.ActiveCfg = Release|Any CPU
		{48EDF4FB-672A-4C7C-A428-2641A561BCDA}.Release|Any CPU.Build.0 = Release|Any CPU
		{48EDF4FB-672A-4C7C-A428-2641A561BCDA}.Release|x86.ActiveCfg = Release|Any CPU
		{48EDF4FB-672A-4C7C-A428-2641A561BCDA}.Release|x86.Build.0 = Release|Any CPU
		{C8F136A3-142A-4AFA-9E3E-E2B820AD370C}.Debug|Any CPU.ActiveCfg = Debug|Any CPU
		{C8F136A3-142A-4AFA-9E3E-E2B820AD370C}.Debug|Any CPU.Build.0 = Debug|Any CPU
		{C8F136A3-142A-4AFA-9E3E-E2B820AD370C}.Debug|x86.ActiveCfg = Debug|Any CPU
		{C8F136A3-142A-4AFA-9E3E-E2B820AD370C}.Debug|x86.Build.0 = Debug|Any CPU
		{C8F136A3-142A-4AFA-9E3E-E2B820AD370C}.Release|Any CPU.ActiveCfg = Release|Any CPU
		{C8F136A3-142A-4AFA-9E3E-E2B820AD370C}.Release|Any CPU.Build.0 = Release|Any CPU
		{C8F136A3-142A-4AFA-9E3E-E2B820AD370C}.Release|x86.ActiveCfg = Release|Any CPU
		{C8F136A3-142A-4AFA-9E3E-E2B820AD370C}.Release|x86.Build.0 = Release|Any CPU
		{C070ADFB-F00D-49E8-B920-7745519681C8}.Debug|Any CPU.ActiveCfg = Debug|Any CPU
		{C070ADFB-F00D-49E8-B920-7745519681C8}.Debug|Any CPU.Build.0 = Debug|Any CPU
		{C070ADFB-F00D-49E8-B920-7745519681C8}.Debug|x86.ActiveCfg = Debug|Any CPU
		{C070ADFB-F00D-49E8-B920-7745519681C8}.Debug|x86.Build.0 = Debug|Any CPU
		{C070ADFB-F00D-49E8-B920-7745519681C8}.Release|Any CPU.ActiveCfg = Release|Any CPU
		{C070ADFB-F00D-49E8-B920-7745519681C8}.Release|Any CPU.Build.0 = Release|Any CPU
		{C070ADFB-F00D-49E8-B920-7745519681C8}.Release|x86.ActiveCfg = Release|Any CPU
		{C070ADFB-F00D-49E8-B920-7745519681C8}.Release|x86.Build.0 = Release|Any CPU
		{686CCAF6-A91D-478B-8BD4-EBE9B889E9EA}.Debug|Any CPU.ActiveCfg = Debug|Any CPU
		{686CCAF6-A91D-478B-8BD4-EBE9B889E9EA}.Debug|Any CPU.Build.0 = Debug|Any CPU
		{686CCAF6-A91D-478B-8BD4-EBE9B889E9EA}.Debug|x86.ActiveCfg = Debug|Any CPU
		{686CCAF6-A91D-478B-8BD4-EBE9B889E9EA}.Debug|x86.Build.0 = Debug|Any CPU
		{686CCAF6-A91D-478B-8BD4-EBE9B889E9EA}.Release|Any CPU.ActiveCfg = Release|Any CPU
		{686CCAF6-A91D-478B-8BD4-EBE9B889E9EA}.Release|Any CPU.Build.0 = Release|Any CPU
		{686CCAF6-A91D-478B-8BD4-EBE9B889E9EA}.Release|x86.ActiveCfg = Release|Any CPU
		{686CCAF6-A91D-478B-8BD4-EBE9B889E9EA}.Release|x86.Build.0 = Release|Any CPU
		{5272C6ED-6181-4DF2-8EF7-D5F62265BFA1}.Debug|Any CPU.ActiveCfg = Debug|Any CPU
		{5272C6ED-6181-4DF2-8EF7-D5F62265BFA1}.Debug|Any CPU.Build.0 = Debug|Any CPU
		{5272C6ED-6181-4DF2-8EF7-D5F62265BFA1}.Debug|x86.ActiveCfg = Debug|Any CPU
		{5272C6ED-6181-4DF2-8EF7-D5F62265BFA1}.Debug|x86.Build.0 = Debug|Any CPU
		{5272C6ED-6181-4DF2-8EF7-D5F62265BFA1}.Release|Any CPU.ActiveCfg = Release|Any CPU
		{5272C6ED-6181-4DF2-8EF7-D5F62265BFA1}.Release|Any CPU.Build.0 = Release|Any CPU
		{5272C6ED-6181-4DF2-8EF7-D5F62265BFA1}.Release|x86.ActiveCfg = Release|Any CPU
		{5272C6ED-6181-4DF2-8EF7-D5F62265BFA1}.Release|x86.Build.0 = Release|Any CPU
		{D2E33FEE-6689-4BB4-A95C-1B5C327A1E8F}.Debug|Any CPU.ActiveCfg = Debug|Any CPU
		{D2E33FEE-6689-4BB4-A95C-1B5C327A1E8F}.Debug|Any CPU.Build.0 = Debug|Any CPU
		{D2E33FEE-6689-4BB4-A95C-1B5C327A1E8F}.Debug|x86.ActiveCfg = Debug|x86
		{D2E33FEE-6689-4BB4-A95C-1B5C327A1E8F}.Debug|x86.Build.0 = Debug|x86
		{D2E33FEE-6689-4BB4-A95C-1B5C327A1E8F}.Release|Any CPU.ActiveCfg = Release|Any CPU
		{D2E33FEE-6689-4BB4-A95C-1B5C327A1E8F}.Release|Any CPU.Build.0 = Release|Any CPU
		{D2E33FEE-6689-4BB4-A95C-1B5C327A1E8F}.Release|x86.ActiveCfg = Release|x86
		{D2E33FEE-6689-4BB4-A95C-1B5C327A1E8F}.Release|x86.Build.0 = Release|x86
		{A540DD0C-2D9D-492D-A666-BB0DCDA0568D}.Debug|Any CPU.ActiveCfg = Debug|Any CPU
		{A540DD0C-2D9D-492D-A666-BB0DCDA0568D}.Debug|Any CPU.Build.0 = Debug|Any CPU
		{A540DD0C-2D9D-492D-A666-BB0DCDA0568D}.Debug|x86.ActiveCfg = Debug|Any CPU
		{A540DD0C-2D9D-492D-A666-BB0DCDA0568D}.Debug|x86.Build.0 = Debug|Any CPU
		{A540DD0C-2D9D-492D-A666-BB0DCDA0568D}.Release|Any CPU.ActiveCfg = Release|Any CPU
		{A540DD0C-2D9D-492D-A666-BB0DCDA0568D}.Release|Any CPU.Build.0 = Release|Any CPU
		{A540DD0C-2D9D-492D-A666-BB0DCDA0568D}.Release|x86.ActiveCfg = Release|Any CPU
		{A540DD0C-2D9D-492D-A666-BB0DCDA0568D}.Release|x86.Build.0 = Release|Any CPU
		{54177EE2-3905-437F-B3B2-6DC406906C97}.Debug|Any CPU.ActiveCfg = Debug|Any CPU
		{54177EE2-3905-437F-B3B2-6DC406906C97}.Debug|Any CPU.Build.0 = Debug|Any CPU
		{54177EE2-3905-437F-B3B2-6DC406906C97}.Debug|x86.ActiveCfg = Debug|Any CPU
		{54177EE2-3905-437F-B3B2-6DC406906C97}.Debug|x86.Build.0 = Debug|Any CPU
		{54177EE2-3905-437F-B3B2-6DC406906C97}.Release|Any CPU.ActiveCfg = Release|Any CPU
		{54177EE2-3905-437F-B3B2-6DC406906C97}.Release|Any CPU.Build.0 = Release|Any CPU
		{54177EE2-3905-437F-B3B2-6DC406906C97}.Release|x86.ActiveCfg = Release|Any CPU
		{54177EE2-3905-437F-B3B2-6DC406906C97}.Release|x86.Build.0 = Release|Any CPU
		{5EBD586B-C14B-49D1-8DD5-79C604BC631D}.Debug|Any CPU.ActiveCfg = Debug|Any CPU
		{5EBD586B-C14B-49D1-8DD5-79C604BC631D}.Debug|Any CPU.Build.0 = Debug|Any CPU
		{5EBD586B-C14B-49D1-8DD5-79C604BC631D}.Debug|x86.ActiveCfg = Debug|Any CPU
		{5EBD586B-C14B-49D1-8DD5-79C604BC631D}.Debug|x86.Build.0 = Debug|Any CPU
		{5EBD586B-C14B-49D1-8DD5-79C604BC631D}.Release|Any CPU.ActiveCfg = Release|Any CPU
		{5EBD586B-C14B-49D1-8DD5-79C604BC631D}.Release|Any CPU.Build.0 = Release|Any CPU
		{5EBD586B-C14B-49D1-8DD5-79C604BC631D}.Release|x86.ActiveCfg = Release|Any CPU
		{5EBD586B-C14B-49D1-8DD5-79C604BC631D}.Release|x86.Build.0 = Release|Any CPU
	EndGlobalSection
	GlobalSection(SolutionProperties) = preSolution
		HideSolutionNode = FALSE
	EndGlobalSection
	GlobalSection(ExtensibilityGlobals) = postSolution
		SolutionGuid = {CFBA38E4-66A8-44E7-8474-40A2CCE538D1}
	EndGlobalSection
EndGlobal
